
Microsoft Visual Studio Solution File, Format Version 12.00
# Visual Studio Version 17
VisualStudioVersion = 17.4.33122.133
MinimumVisualStudioVersion = 10.0.40219.1
Project("{FAE04EC0-301F-11D3-BF4B-00C04F79EFBC}") = "CodingMiddleware", "CodingMiddleware\CodingMiddleware.csproj", "{624174EF-19F4-48FA-ADF6-F7937B278E12}"
EndProject
Global
	GlobalSection(SolutionConfigurationPlatforms) = preSolution
		Debug|Any CPU = Debug|Any CPU
		Release|Any CPU = Release|Any CPU
	EndGlobalSection
	GlobalSection(ProjectConfigurationPlatforms) = postSolution
		{624174EF-19F4-48FA-ADF6-F7937B278E12}.Debug|Any CPU.ActiveCfg = Debug|Any CPU
		{624174EF-19F4-48FA-ADF6-F7937B278E12}.Debug|Any CPU.Build.0 = Debug|Any CPU
		{624174EF-19F4-48FA-ADF6-F7937B278E12}.Release|Any CPU.ActiveCfg = Release|Any CPU
		{624174EF-19F4-48FA-ADF6-F7937B278E12}.Release|Any CPU.Build.0 = Release|Any CPU
	EndGlobalSection
	GlobalSection(SolutionProperties) = preSolution
		HideSolutionNode = FALSE
	EndGlobalSection
	GlobalSection(ExtensibilityGlobals) = postSolution
		SolutionGuid = {2FF17C53-850B-40B8-8CAE-1F03CC29CCDD}
	EndGlobalSection
EndGlobal
